
Microsoft Visual Studio Solution File, Format Version 12.00
# Visual Studio 15
VisualStudioVersion = 15.0.26403.7
MinimumVisualStudioVersion = 10.0.40219.1
Project("{FAE04EC0-301F-11D3-BF4B-00C04F79EFBC}") = "MyOS", "MyOS.Runner\MyOS.csproj", "{B8BC6168-4CF1-4A7C-A310-421FEB7C9A86}"
EndProject
Project("{FAE04EC0-301F-11D3-BF4B-00C04F79EFBC}") = "MyOS.Common", "MyOS.Common\MyOS.Common.csproj", "{632A24BF-D898-46C9-B0EC-E2EEEE267AE6}"
EndProject
Project("{2150E333-8FDC-42A3-9474-1A3956D46DE8}") = "Core", "Core", "{DEF15E5D-76D7-4A36-A005-62E8856913F7}"
EndProject
Project("{FAE04EC0-301F-11D3-BF4B-00C04F79EFBC}") = "MyOS.System", "MyOS.System\MyOS.System.csproj", "{9BB10314-B5F3-4B70-845B-B72F5EBB8CD7}"
EndProject
Project("{2150E333-8FDC-42A3-9474-1A3956D46DE8}") = "Utils", "Utils", "{8E698004-9803-4113-A448-64E3F2C9C30A}"
EndProject
Project("{FAE04EC0-301F-11D3-BF4B-00C04F79EFBC}") = "DiskBuilder", "DiskBuilder\DiskBuilder.csproj", "{82D56A75-C217-4A0A-9C2E-726687CBDE64}"
EndProject
Project("{2150E333-8FDC-42A3-9474-1A3956D46DE8}") = "Apps", "Apps", "{12FF0A2C-0AB8-424C-B9E4-B826189A154A}"
EndProject
Project("{FAE04EC0-301F-11D3-BF4B-00C04F79EFBC}") = "clock", "Apps\ClassLibrary1\clock.csproj", "{B13C374D-9276-4DC6-8AC1-181D2C85B46F}"
EndProject
Project("{FAE04EC0-301F-11D3-BF4B-00C04F79EFBC}") = "echo", "MyOS.Apps.Echo\echo.csproj", "{73EE550D-3FC6-4B7F-A24A-47000F9E542C}"
EndProject
Project("{FAE04EC0-301F-11D3-BF4B-00C04F79EFBC}") = "text", "MyOS.Apps.Text\text.csproj", "{465C9D1F-7767-4BBE-AC8A-15E44ED9EA21}"
EndProject
Project("{FAE04EC0-301F-11D3-BF4B-00C04F79EFBC}") = "fdisk", "fdisk\fdisk.csproj", "{2B474EA4-95C5-42D4-A750-471E28B65292}"
EndProject
Project("{2150E333-8FDC-42A3-9474-1A3956D46DE8}") = "OS", "OS", "{4685DA5A-D0FB-4AF4-B70F-21AD0A087C54}"
EndProject
Project("{FAE04EC0-301F-11D3-BF4B-00C04F79EFBC}") = "top", "top\top.csproj", "{95A8D200-BE99-4583-94BC-631CA9A85C45}"
EndProject
Project("{2150E333-8FDC-42A3-9474-1A3956D46DE8}") = "Services", "Services", "{B9BF2748-CDFA-4502-AD6E-5EF49D79024E}"
EndProject
Project("{FAE04EC0-301F-11D3-BF4B-00C04F79EFBC}") = "ping", "ping\ping.csproj", "{C93DD022-E914-49BF-BAE3-6CE5AB31B129}"
EndProject
Project("{FAE04EC0-301F-11D3-BF4B-00C04F79EFBC}") = "mount", "mount\mount.csproj", "{9CA9C6EF-F78C-4E97-BB52-4A67AC15C61C}"
EndProject
Project("{FAE04EC0-301F-11D3-BF4B-00C04F79EFBC}") = "copy", "copy\copy.csproj", "{3B2F9AA4-19E5-4CFD-90A9-51AC9C3013FA}"
EndProject
Project("{FAE04EC0-301F-11D3-BF4B-00C04F79EFBC}") = "explore", "explore\explore.csproj", "{1F7FCA30-A953-4E93-80F4-4F53814DD192}"
EndProject
Project("{FAE04EC0-301F-11D3-BF4B-00C04F79EFBC}") = "mkdir", "mkdir\mkdir.csproj", "{39AFA6D8-7E70-49BC-A52D-F38B3EA68DA4}"
EndProject
Project("{FAE04EC0-301F-11D3-BF4B-00C04F79EFBC}") = "events", "events\events.csproj", "{9B022202-047C-458F-9903-4C51DF62BC57}"
EndProject
Project("{FAE04EC0-301F-11D3-BF4B-00C04F79EFBC}") = "eventflow", "eventflow\eventflow.csproj", "{EB905354-6E5A-462B-8E1D-BB44D3EE0E69}"
EndProject
Project("{FAE04EC0-301F-11D3-BF4B-00C04F79EFBC}") = "Packager", "Packager\Packager.csproj", "{C5DB73C9-D476-4077-855F-ECE6060A931B}"
EndProject
Global
	GlobalSection(SolutionConfigurationPlatforms) = preSolution
		Debug|Any CPU = Debug|Any CPU
		Debug|ARM = Debug|ARM
		Debug|x64 = Debug|x64
		Debug|x86 = Debug|x86
		Release|Any CPU = Release|Any CPU
		Release|ARM = Release|ARM
		Release|x64 = Release|x64
		Release|x86 = Release|x86
	EndGlobalSection
	GlobalSection(ProjectConfigurationPlatforms) = postSolution
		{B8BC6168-4CF1-4A7C-A310-421FEB7C9A86}.Debug|Any CPU.ActiveCfg = Debug|Any CPU
		{B8BC6168-4CF1-4A7C-A310-421FEB7C9A86}.Debug|Any CPU.Build.0 = Debug|Any CPU
		{B8BC6168-4CF1-4A7C-A310-421FEB7C9A86}.Debug|ARM.ActiveCfg = Debug|Any CPU
		{B8BC6168-4CF1-4A7C-A310-421FEB7C9A86}.Debug|ARM.Build.0 = Debug|Any CPU
		{B8BC6168-4CF1-4A7C-A310-421FEB7C9A86}.Debug|x64.ActiveCfg = Debug|Any CPU
		{B8BC6168-4CF1-4A7C-A310-421FEB7C9A86}.Debug|x64.Build.0 = Debug|Any CPU
		{B8BC6168-4CF1-4A7C-A310-421FEB7C9A86}.Debug|x86.ActiveCfg = Debug|Any CPU
		{B8BC6168-4CF1-4A7C-A310-421FEB7C9A86}.Debug|x86.Build.0 = Debug|Any CPU
		{B8BC6168-4CF1-4A7C-A310-421FEB7C9A86}.Release|Any CPU.ActiveCfg = Release|Any CPU
		{B8BC6168-4CF1-4A7C-A310-421FEB7C9A86}.Release|Any CPU.Build.0 = Release|Any CPU
		{B8BC6168-4CF1-4A7C-A310-421FEB7C9A86}.Release|ARM.ActiveCfg = Release|Any CPU
		{B8BC6168-4CF1-4A7C-A310-421FEB7C9A86}.Release|ARM.Build.0 = Release|Any CPU
		{B8BC6168-4CF1-4A7C-A310-421FEB7C9A86}.Release|x64.ActiveCfg = Release|Any CPU
		{B8BC6168-4CF1-4A7C-A310-421FEB7C9A86}.Release|x64.Build.0 = Release|Any CPU
		{B8BC6168-4CF1-4A7C-A310-421FEB7C9A86}.Release|x86.ActiveCfg = Release|Any CPU
		{B8BC6168-4CF1-4A7C-A310-421FEB7C9A86}.Release|x86.Build.0 = Release|Any CPU
		{632A24BF-D898-46C9-B0EC-E2EEEE267AE6}.Debug|Any CPU.ActiveCfg = Debug|Any CPU
		{632A24BF-D898-46C9-B0EC-E2EEEE267AE6}.Debug|Any CPU.Build.0 = Debug|Any CPU
		{632A24BF-D898-46C9-B0EC-E2EEEE267AE6}.Debug|ARM.ActiveCfg = Debug|Any CPU
		{632A24BF-D898-46C9-B0EC-E2EEEE267AE6}.Debug|ARM.Build.0 = Debug|Any CPU
		{632A24BF-D898-46C9-B0EC-E2EEEE267AE6}.Debug|x64.ActiveCfg = Debug|Any CPU
		{632A24BF-D898-46C9-B0EC-E2EEEE267AE6}.Debug|x64.Build.0 = Debug|Any CPU
		{632A24BF-D898-46C9-B0EC-E2EEEE267AE6}.Debug|x86.ActiveCfg = Debug|Any CPU
		{632A24BF-D898-46C9-B0EC-E2EEEE267AE6}.Debug|x86.Build.0 = Debug|Any CPU
		{632A24BF-D898-46C9-B0EC-E2EEEE267AE6}.Release|Any CPU.ActiveCfg = Release|Any CPU
		{632A24BF-D898-46C9-B0EC-E2EEEE267AE6}.Release|Any CPU.Build.0 = Release|Any CPU
		{632A24BF-D898-46C9-B0EC-E2EEEE267AE6}.Release|ARM.ActiveCfg = Release|Any CPU
		{632A24BF-D898-46C9-B0EC-E2EEEE267AE6}.Release|ARM.Build.0 = Release|Any CPU
		{632A24BF-D898-46C9-B0EC-E2EEEE267AE6}.Release|x64.ActiveCfg = Release|Any CPU
		{632A24BF-D898-46C9-B0EC-E2EEEE267AE6}.Release|x64.Build.0 = Release|Any CPU
		{632A24BF-D898-46C9-B0EC-E2EEEE267AE6}.Release|x86.ActiveCfg = Release|Any CPU
		{632A24BF-D898-46C9-B0EC-E2EEEE267AE6}.Release|x86.Build.0 = Release|Any CPU
		{9BB10314-B5F3-4B70-845B-B72F5EBB8CD7}.Debug|Any CPU.ActiveCfg = Debug|Any CPU
		{9BB10314-B5F3-4B70-845B-B72F5EBB8CD7}.Debug|Any CPU.Build.0 = Debug|Any CPU
		{9BB10314-B5F3-4B70-845B-B72F5EBB8CD7}.Debug|ARM.ActiveCfg = Debug|Any CPU
		{9BB10314-B5F3-4B70-845B-B72F5EBB8CD7}.Debug|ARM.Build.0 = Debug|Any CPU
		{9BB10314-B5F3-4B70-845B-B72F5EBB8CD7}.Debug|x64.ActiveCfg = Debug|Any CPU
		{9BB10314-B5F3-4B70-845B-B72F5EBB8CD7}.Debug|x64.Build.0 = Debug|Any CPU
		{9BB10314-B5F3-4B70-845B-B72F5EBB8CD7}.Debug|x86.ActiveCfg = Debug|Any CPU
		{9BB10314-B5F3-4B70-845B-B72F5EBB8CD7}.Debug|x86.Build.0 = Debug|Any CPU
		{9BB10314-B5F3-4B70-845B-B72F5EBB8CD7}.Release|Any CPU.ActiveCfg = Release|Any CPU
		{9BB10314-B5F3-4B70-845B-B72F5EBB8CD7}.Release|Any CPU.Build.0 = Release|Any CPU
		{9BB10314-B5F3-4B70-845B-B72F5EBB8CD7}.Release|ARM.ActiveCfg = Release|Any CPU
		{9BB10314-B5F3-4B70-845B-B72F5EBB8CD7}.Release|ARM.Build.0 = Release|Any CPU
		{9BB10314-B5F3-4B70-845B-B72F5EBB8CD7}.Release|x64.ActiveCfg = Release|Any CPU
		{9BB10314-B5F3-4B70-845B-B72F5EBB8CD7}.Release|x64.Build.0 = Release|Any CPU
		{9BB10314-B5F3-4B70-845B-B72F5EBB8CD7}.Release|x86.ActiveCfg = Release|Any CPU
		{9BB10314-B5F3-4B70-845B-B72F5EBB8CD7}.Release|x86.Build.0 = Release|Any CPU
		{82D56A75-C217-4A0A-9C2E-726687CBDE64}.Debug|Any CPU.ActiveCfg = Debug|Any CPU
		{82D56A75-C217-4A0A-9C2E-726687CBDE64}.Debug|Any CPU.Build.0 = Debug|Any CPU
		{82D56A75-C217-4A0A-9C2E-726687CBDE64}.Debug|ARM.ActiveCfg = Debug|Any CPU
		{82D56A75-C217-4A0A-9C2E-726687CBDE64}.Debug|ARM.Build.0 = Debug|Any CPU
		{82D56A75-C217-4A0A-9C2E-726687CBDE64}.Debug|x64.ActiveCfg = Debug|Any CPU
		{82D56A75-C217-4A0A-9C2E-726687CBDE64}.Debug|x64.Build.0 = Debug|Any CPU
		{82D56A75-C217-4A0A-9C2E-726687CBDE64}.Debug|x86.ActiveCfg = Debug|Any CPU
		{82D56A75-C217-4A0A-9C2E-726687CBDE64}.Debug|x86.Build.0 = Debug|Any CPU
		{82D56A75-C217-4A0A-9C2E-726687CBDE64}.Release|Any CPU.ActiveCfg = Release|Any CPU
		{82D56A75-C217-4A0A-9C2E-726687CBDE64}.Release|Any CPU.Build.0 = Release|Any CPU
		{82D56A75-C217-4A0A-9C2E-726687CBDE64}.Release|ARM.ActiveCfg = Release|Any CPU
		{82D56A75-C217-4A0A-9C2E-726687CBDE64}.Release|ARM.Build.0 = Release|Any CPU
		{82D56A75-C217-4A0A-9C2E-726687CBDE64}.Release|x64.ActiveCfg = Release|Any CPU
		{82D56A75-C217-4A0A-9C2E-726687CBDE64}.Release|x64.Build.0 = Release|Any CPU
		{82D56A75-C217-4A0A-9C2E-726687CBDE64}.Release|x86.ActiveCfg = Release|Any CPU
		{82D56A75-C217-4A0A-9C2E-726687CBDE64}.Release|x86.Build.0 = Release|Any CPU
		{B13C374D-9276-4DC6-8AC1-181D2C85B46F}.Debug|Any CPU.ActiveCfg = Debug|Any CPU
		{B13C374D-9276-4DC6-8AC1-181D2C85B46F}.Debug|Any CPU.Build.0 = Debug|Any CPU
		{B13C374D-9276-4DC6-8AC1-181D2C85B46F}.Debug|ARM.ActiveCfg = Debug|Any CPU
		{B13C374D-9276-4DC6-8AC1-181D2C85B46F}.Debug|ARM.Build.0 = Debug|Any CPU
		{B13C374D-9276-4DC6-8AC1-181D2C85B46F}.Debug|x64.ActiveCfg = Debug|Any CPU
		{B13C374D-9276-4DC6-8AC1-181D2C85B46F}.Debug|x64.Build.0 = Debug|Any CPU
		{B13C374D-9276-4DC6-8AC1-181D2C85B46F}.Debug|x86.ActiveCfg = Debug|Any CPU
		{B13C374D-9276-4DC6-8AC1-181D2C85B46F}.Debug|x86.Build.0 = Debug|Any CPU
		{B13C374D-9276-4DC6-8AC1-181D2C85B46F}.Release|Any CPU.ActiveCfg = Release|Any CPU
		{B13C374D-9276-4DC6-8AC1-181D2C85B46F}.Release|Any CPU.Build.0 = Release|Any CPU
		{B13C374D-9276-4DC6-8AC1-181D2C85B46F}.Release|ARM.ActiveCfg = Release|Any CPU
		{B13C374D-9276-4DC6-8AC1-181D2C85B46F}.Release|ARM.Build.0 = Release|Any CPU
		{B13C374D-9276-4DC6-8AC1-181D2C85B46F}.Release|x64.ActiveCfg = Release|Any CPU
		{B13C374D-9276-4DC6-8AC1-181D2C85B46F}.Release|x64.Build.0 = Release|Any CPU
		{B13C374D-9276-4DC6-8AC1-181D2C85B46F}.Release|x86.ActiveCfg = Release|Any CPU
		{B13C374D-9276-4DC6-8AC1-181D2C85B46F}.Release|x86.Build.0 = Release|Any CPU
		{73EE550D-3FC6-4B7F-A24A-47000F9E542C}.Debug|Any CPU.ActiveCfg = Debug|Any CPU
		{73EE550D-3FC6-4B7F-A24A-47000F9E542C}.Debug|Any CPU.Build.0 = Debug|Any CPU
		{73EE550D-3FC6-4B7F-A24A-47000F9E542C}.Debug|ARM.ActiveCfg = Debug|Any CPU
		{73EE550D-3FC6-4B7F-A24A-47000F9E542C}.Debug|ARM.Build.0 = Debug|Any CPU
		{73EE550D-3FC6-4B7F-A24A-47000F9E542C}.Debug|x64.ActiveCfg = Debug|Any CPU
		{73EE550D-3FC6-4B7F-A24A-47000F9E542C}.Debug|x64.Build.0 = Debug|Any CPU
		{73EE550D-3FC6-4B7F-A24A-47000F9E542C}.Debug|x86.ActiveCfg = Debug|Any CPU
		{73EE550D-3FC6-4B7F-A24A-47000F9E542C}.Debug|x86.Build.0 = Debug|Any CPU
		{73EE550D-3FC6-4B7F-A24A-47000F9E542C}.Release|Any CPU.ActiveCfg = Release|Any CPU
		{73EE550D-3FC6-4B7F-A24A-47000F9E542C}.Release|Any CPU.Build.0 = Release|Any CPU
		{73EE550D-3FC6-4B7F-A24A-47000F9E542C}.Release|ARM.ActiveCfg = Release|Any CPU
		{73EE550D-3FC6-4B7F-A24A-47000F9E542C}.Release|ARM.Build.0 = Release|Any CPU
		{73EE550D-3FC6-4B7F-A24A-47000F9E542C}.Release|x64.ActiveCfg = Release|Any CPU
		{73EE550D-3FC6-4B7F-A24A-47000F9E542C}.Release|x64.Build.0 = Release|Any CPU
		{73EE550D-3FC6-4B7F-A24A-47000F9E542C}.Release|x86.ActiveCfg = Release|Any CPU
		{73EE550D-3FC6-4B7F-A24A-47000F9E542C}.Release|x86.Build.0 = Release|Any CPU
		{465C9D1F-7767-4BBE-AC8A-15E44ED9EA21}.Debug|Any CPU.ActiveCfg = Debug|Any CPU
		{465C9D1F-7767-4BBE-AC8A-15E44ED9EA21}.Debug|Any CPU.Build.0 = Debug|Any CPU
		{465C9D1F-7767-4BBE-AC8A-15E44ED9EA21}.Debug|ARM.ActiveCfg = Debug|Any CPU
		{465C9D1F-7767-4BBE-AC8A-15E44ED9EA21}.Debug|ARM.Build.0 = Debug|Any CPU
		{465C9D1F-7767-4BBE-AC8A-15E44ED9EA21}.Debug|x64.ActiveCfg = Debug|Any CPU
		{465C9D1F-7767-4BBE-AC8A-15E44ED9EA21}.Debug|x64.Build.0 = Debug|Any CPU
		{465C9D1F-7767-4BBE-AC8A-15E44ED9EA21}.Debug|x86.ActiveCfg = Debug|Any CPU
		{465C9D1F-7767-4BBE-AC8A-15E44ED9EA21}.Debug|x86.Build.0 = Debug|Any CPU
		{465C9D1F-7767-4BBE-AC8A-15E44ED9EA21}.Release|Any CPU.ActiveCfg = Release|Any CPU
		{465C9D1F-7767-4BBE-AC8A-15E44ED9EA21}.Release|Any CPU.Build.0 = Release|Any CPU
		{465C9D1F-7767-4BBE-AC8A-15E44ED9EA21}.Release|ARM.ActiveCfg = Release|Any CPU
		{465C9D1F-7767-4BBE-AC8A-15E44ED9EA21}.Release|ARM.Build.0 = Release|Any CPU
		{465C9D1F-7767-4BBE-AC8A-15E44ED9EA21}.Release|x64.ActiveCfg = Release|Any CPU
		{465C9D1F-7767-4BBE-AC8A-15E44ED9EA21}.Release|x64.Build.0 = Release|Any CPU
		{465C9D1F-7767-4BBE-AC8A-15E44ED9EA21}.Release|x86.ActiveCfg = Release|Any CPU
		{465C9D1F-7767-4BBE-AC8A-15E44ED9EA21}.Release|x86.Build.0 = Release|Any CPU
		{2B474EA4-95C5-42D4-A750-471E28B65292}.Debug|Any CPU.ActiveCfg = Debug|Any CPU
		{2B474EA4-95C5-42D4-A750-471E28B65292}.Debug|Any CPU.Build.0 = Debug|Any CPU
		{2B474EA4-95C5-42D4-A750-471E28B65292}.Debug|ARM.ActiveCfg = Debug|Any CPU
		{2B474EA4-95C5-42D4-A750-471E28B65292}.Debug|ARM.Build.0 = Debug|Any CPU
		{2B474EA4-95C5-42D4-A750-471E28B65292}.Debug|x64.ActiveCfg = Debug|Any CPU
		{2B474EA4-95C5-42D4-A750-471E28B65292}.Debug|x64.Build.0 = Debug|Any CPU
		{2B474EA4-95C5-42D4-A750-471E28B65292}.Debug|x86.ActiveCfg = Debug|Any CPU
		{2B474EA4-95C5-42D4-A750-471E28B65292}.Debug|x86.Build.0 = Debug|Any CPU
		{2B474EA4-95C5-42D4-A750-471E28B65292}.Release|Any CPU.ActiveCfg = Release|Any CPU
		{2B474EA4-95C5-42D4-A750-471E28B65292}.Release|Any CPU.Build.0 = Release|Any CPU
		{2B474EA4-95C5-42D4-A750-471E28B65292}.Release|ARM.ActiveCfg = Release|Any CPU
		{2B474EA4-95C5-42D4-A750-471E28B65292}.Release|ARM.Build.0 = Release|Any CPU
		{2B474EA4-95C5-42D4-A750-471E28B65292}.Release|x64.ActiveCfg = Release|Any CPU
		{2B474EA4-95C5-42D4-A750-471E28B65292}.Release|x64.Build.0 = Release|Any CPU
		{2B474EA4-95C5-42D4-A750-471E28B65292}.Release|x86.ActiveCfg = Release|Any CPU
		{2B474EA4-95C5-42D4-A750-471E28B65292}.Release|x86.Build.0 = Release|Any CPU
		{95A8D200-BE99-4583-94BC-631CA9A85C45}.Debug|Any CPU.ActiveCfg = Debug|Any CPU
		{95A8D200-BE99-4583-94BC-631CA9A85C45}.Debug|Any CPU.Build.0 = Debug|Any CPU
		{95A8D200-BE99-4583-94BC-631CA9A85C45}.Debug|ARM.ActiveCfg = Debug|Any CPU
		{95A8D200-BE99-4583-94BC-631CA9A85C45}.Debug|ARM.Build.0 = Debug|Any CPU
		{95A8D200-BE99-4583-94BC-631CA9A85C45}.Debug|x64.ActiveCfg = Debug|Any CPU
		{95A8D200-BE99-4583-94BC-631CA9A85C45}.Debug|x64.Build.0 = Debug|Any CPU
		{95A8D200-BE99-4583-94BC-631CA9A85C45}.Debug|x86.ActiveCfg = Debug|Any CPU
		{95A8D200-BE99-4583-94BC-631CA9A85C45}.Debug|x86.Build.0 = Debug|Any CPU
		{95A8D200-BE99-4583-94BC-631CA9A85C45}.Release|Any CPU.ActiveCfg = Release|Any CPU
		{95A8D200-BE99-4583-94BC-631CA9A85C45}.Release|Any CPU.Build.0 = Release|Any CPU
		{95A8D200-BE99-4583-94BC-631CA9A85C45}.Release|ARM.ActiveCfg = Release|Any CPU
		{95A8D200-BE99-4583-94BC-631CA9A85C45}.Release|ARM.Build.0 = Release|Any CPU
		{95A8D200-BE99-4583-94BC-631CA9A85C45}.Release|x64.ActiveCfg = Release|Any CPU
		{95A8D200-BE99-4583-94BC-631CA9A85C45}.Release|x64.Build.0 = Release|Any CPU
		{95A8D200-BE99-4583-94BC-631CA9A85C45}.Release|x86.ActiveCfg = Release|Any CPU
		{95A8D200-BE99-4583-94BC-631CA9A85C45}.Release|x86.Build.0 = Release|Any CPU
		{C93DD022-E914-49BF-BAE3-6CE5AB31B129}.Debug|Any CPU.ActiveCfg = Debug|Any CPU
		{C93DD022-E914-49BF-BAE3-6CE5AB31B129}.Debug|Any CPU.Build.0 = Debug|Any CPU
		{C93DD022-E914-49BF-BAE3-6CE5AB31B129}.Debug|ARM.ActiveCfg = Debug|Any CPU
		{C93DD022-E914-49BF-BAE3-6CE5AB31B129}.Debug|ARM.Build.0 = Debug|Any CPU
		{C93DD022-E914-49BF-BAE3-6CE5AB31B129}.Debug|x64.ActiveCfg = Debug|Any CPU
		{C93DD022-E914-49BF-BAE3-6CE5AB31B129}.Debug|x64.Build.0 = Debug|Any CPU
		{C93DD022-E914-49BF-BAE3-6CE5AB31B129}.Debug|x86.ActiveCfg = Debug|Any CPU
		{C93DD022-E914-49BF-BAE3-6CE5AB31B129}.Debug|x86.Build.0 = Debug|Any CPU
		{C93DD022-E914-49BF-BAE3-6CE5AB31B129}.Release|Any CPU.ActiveCfg = Release|Any CPU
		{C93DD022-E914-49BF-BAE3-6CE5AB31B129}.Release|Any CPU.Build.0 = Release|Any CPU
		{C93DD022-E914-49BF-BAE3-6CE5AB31B129}.Release|ARM.ActiveCfg = Release|Any CPU
		{C93DD022-E914-49BF-BAE3-6CE5AB31B129}.Release|ARM.Build.0 = Release|Any CPU
		{C93DD022-E914-49BF-BAE3-6CE5AB31B129}.Release|x64.ActiveCfg = Release|Any CPU
		{C93DD022-E914-49BF-BAE3-6CE5AB31B129}.Release|x64.Build.0 = Release|Any CPU
		{C93DD022-E914-49BF-BAE3-6CE5AB31B129}.Release|x86.ActiveCfg = Release|Any CPU
		{C93DD022-E914-49BF-BAE3-6CE5AB31B129}.Release|x86.Build.0 = Release|Any CPU
		{9CA9C6EF-F78C-4E97-BB52-4A67AC15C61C}.Debug|Any CPU.ActiveCfg = Debug|Any CPU
		{9CA9C6EF-F78C-4E97-BB52-4A67AC15C61C}.Debug|Any CPU.Build.0 = Debug|Any CPU
		{9CA9C6EF-F78C-4E97-BB52-4A67AC15C61C}.Debug|ARM.ActiveCfg = Debug|Any CPU
		{9CA9C6EF-F78C-4E97-BB52-4A67AC15C61C}.Debug|ARM.Build.0 = Debug|Any CPU
		{9CA9C6EF-F78C-4E97-BB52-4A67AC15C61C}.Debug|x64.ActiveCfg = Debug|Any CPU
		{9CA9C6EF-F78C-4E97-BB52-4A67AC15C61C}.Debug|x64.Build.0 = Debug|Any CPU
		{9CA9C6EF-F78C-4E97-BB52-4A67AC15C61C}.Debug|x86.ActiveCfg = Debug|Any CPU
		{9CA9C6EF-F78C-4E97-BB52-4A67AC15C61C}.Debug|x86.Build.0 = Debug|Any CPU
		{9CA9C6EF-F78C-4E97-BB52-4A67AC15C61C}.Release|Any CPU.ActiveCfg = Release|Any CPU
		{9CA9C6EF-F78C-4E97-BB52-4A67AC15C61C}.Release|Any CPU.Build.0 = Release|Any CPU
		{9CA9C6EF-F78C-4E97-BB52-4A67AC15C61C}.Release|ARM.ActiveCfg = Release|Any CPU
		{9CA9C6EF-F78C-4E97-BB52-4A67AC15C61C}.Release|ARM.Build.0 = Release|Any CPU
		{9CA9C6EF-F78C-4E97-BB52-4A67AC15C61C}.Release|x64.ActiveCfg = Release|Any CPU
		{9CA9C6EF-F78C-4E97-BB52-4A67AC15C61C}.Release|x64.Build.0 = Release|Any CPU
		{9CA9C6EF-F78C-4E97-BB52-4A67AC15C61C}.Release|x86.ActiveCfg = Release|Any CPU
		{9CA9C6EF-F78C-4E97-BB52-4A67AC15C61C}.Release|x86.Build.0 = Release|Any CPU
		{3B2F9AA4-19E5-4CFD-90A9-51AC9C3013FA}.Debug|Any CPU.ActiveCfg = Debug|Any CPU
		{3B2F9AA4-19E5-4CFD-90A9-51AC9C3013FA}.Debug|Any CPU.Build.0 = Debug|Any CPU
		{3B2F9AA4-19E5-4CFD-90A9-51AC9C3013FA}.Debug|ARM.ActiveCfg = Debug|Any CPU
		{3B2F9AA4-19E5-4CFD-90A9-51AC9C3013FA}.Debug|ARM.Build.0 = Debug|Any CPU
		{3B2F9AA4-19E5-4CFD-90A9-51AC9C3013FA}.Debug|x64.ActiveCfg = Debug|Any CPU
		{3B2F9AA4-19E5-4CFD-90A9-51AC9C3013FA}.Debug|x64.Build.0 = Debug|Any CPU
		{3B2F9AA4-19E5-4CFD-90A9-51AC9C3013FA}.Debug|x86.ActiveCfg = Debug|Any CPU
		{3B2F9AA4-19E5-4CFD-90A9-51AC9C3013FA}.Debug|x86.Build.0 = Debug|Any CPU
		{3B2F9AA4-19E5-4CFD-90A9-51AC9C3013FA}.Release|Any CPU.ActiveCfg = Release|Any CPU
		{3B2F9AA4-19E5-4CFD-90A9-51AC9C3013FA}.Release|Any CPU.Build.0 = Release|Any CPU
		{3B2F9AA4-19E5-4CFD-90A9-51AC9C3013FA}.Release|ARM.ActiveCfg = Release|Any CPU
		{3B2F9AA4-19E5-4CFD-90A9-51AC9C3013FA}.Release|ARM.Build.0 = Release|Any CPU
		{3B2F9AA4-19E5-4CFD-90A9-51AC9C3013FA}.Release|x64.ActiveCfg = Release|Any CPU
		{3B2F9AA4-19E5-4CFD-90A9-51AC9C3013FA}.Release|x64.Build.0 = Release|Any CPU
		{3B2F9AA4-19E5-4CFD-90A9-51AC9C3013FA}.Release|x86.ActiveCfg = Release|Any CPU
		{3B2F9AA4-19E5-4CFD-90A9-51AC9C3013FA}.Release|x86.Build.0 = Release|Any CPU
		{1F7FCA30-A953-4E93-80F4-4F53814DD192}.Debug|Any CPU.ActiveCfg = Debug|Any CPU
		{1F7FCA30-A953-4E93-80F4-4F53814DD192}.Debug|Any CPU.Build.0 = Debug|Any CPU
		{1F7FCA30-A953-4E93-80F4-4F53814DD192}.Debug|ARM.ActiveCfg = Debug|Any CPU
		{1F7FCA30-A953-4E93-80F4-4F53814DD192}.Debug|ARM.Build.0 = Debug|Any CPU
		{1F7FCA30-A953-4E93-80F4-4F53814DD192}.Debug|x64.ActiveCfg = Debug|Any CPU
		{1F7FCA30-A953-4E93-80F4-4F53814DD192}.Debug|x64.Build.0 = Debug|Any CPU
		{1F7FCA30-A953-4E93-80F4-4F53814DD192}.Debug|x86.ActiveCfg = Debug|Any CPU
		{1F7FCA30-A953-4E93-80F4-4F53814DD192}.Debug|x86.Build.0 = Debug|Any CPU
		{1F7FCA30-A953-4E93-80F4-4F53814DD192}.Release|Any CPU.ActiveCfg = Release|Any CPU
		{1F7FCA30-A953-4E93-80F4-4F53814DD192}.Release|Any CPU.Build.0 = Release|Any CPU
		{1F7FCA30-A953-4E93-80F4-4F53814DD192}.Release|ARM.ActiveCfg = Release|Any CPU
		{1F7FCA30-A953-4E93-80F4-4F53814DD192}.Release|ARM.Build.0 = Release|Any CPU
		{1F7FCA30-A953-4E93-80F4-4F53814DD192}.Release|x64.ActiveCfg = Release|Any CPU
		{1F7FCA30-A953-4E93-80F4-4F53814DD192}.Release|x64.Build.0 = Release|Any CPU
		{1F7FCA30-A953-4E93-80F4-4F53814DD192}.Release|x86.ActiveCfg = Release|Any CPU
		{1F7FCA30-A953-4E93-80F4-4F53814DD192}.Release|x86.Build.0 = Release|Any CPU
		{39AFA6D8-7E70-49BC-A52D-F38B3EA68DA4}.Debug|Any CPU.ActiveCfg = Debug|Any CPU
		{39AFA6D8-7E70-49BC-A52D-F38B3EA68DA4}.Debug|Any CPU.Build.0 = Debug|Any CPU
		{39AFA6D8-7E70-49BC-A52D-F38B3EA68DA4}.Debug|ARM.ActiveCfg = Debug|Any CPU
		{39AFA6D8-7E70-49BC-A52D-F38B3EA68DA4}.Debug|ARM.Build.0 = Debug|Any CPU
		{39AFA6D8-7E70-49BC-A52D-F38B3EA68DA4}.Debug|x64.ActiveCfg = Debug|Any CPU
		{39AFA6D8-7E70-49BC-A52D-F38B3EA68DA4}.Debug|x64.Build.0 = Debug|Any CPU
		{39AFA6D8-7E70-49BC-A52D-F38B3EA68DA4}.Debug|x86.ActiveCfg = Debug|Any CPU
		{39AFA6D8-7E70-49BC-A52D-F38B3EA68DA4}.Debug|x86.Build.0 = Debug|Any CPU
		{39AFA6D8-7E70-49BC-A52D-F38B3EA68DA4}.Release|Any CPU.ActiveCfg = Release|Any CPU
		{39AFA6D8-7E70-49BC-A52D-F38B3EA68DA4}.Release|Any CPU.Build.0 = Release|Any CPU
		{39AFA6D8-7E70-49BC-A52D-F38B3EA68DA4}.Release|ARM.ActiveCfg = Release|Any CPU
		{39AFA6D8-7E70-49BC-A52D-F38B3EA68DA4}.Release|ARM.Build.0 = Release|Any CPU
		{39AFA6D8-7E70-49BC-A52D-F38B3EA68DA4}.Release|x64.ActiveCfg = Release|Any CPU
		{39AFA6D8-7E70-49BC-A52D-F38B3EA68DA4}.Release|x64.Build.0 = Release|Any CPU
		{39AFA6D8-7E70-49BC-A52D-F38B3EA68DA4}.Release|x86.ActiveCfg = Release|Any CPU
		{39AFA6D8-7E70-49BC-A52D-F38B3EA68DA4}.Release|x86.Build.0 = Release|Any CPU
		{9B022202-047C-458F-9903-4C51DF62BC57}.Debug|Any CPU.ActiveCfg = Debug|Any CPU
		{9B022202-047C-458F-9903-4C51DF62BC57}.Debug|Any CPU.Build.0 = Debug|Any CPU
		{9B022202-047C-458F-9903-4C51DF62BC57}.Debug|ARM.ActiveCfg = Debug|Any CPU
		{9B022202-047C-458F-9903-4C51DF62BC57}.Debug|ARM.Build.0 = Debug|Any CPU
		{9B022202-047C-458F-9903-4C51DF62BC57}.Debug|x64.ActiveCfg = Debug|Any CPU
		{9B022202-047C-458F-9903-4C51DF62BC57}.Debug|x64.Build.0 = Debug|Any CPU
		{9B022202-047C-458F-9903-4C51DF62BC57}.Debug|x86.ActiveCfg = Debug|Any CPU
		{9B022202-047C-458F-9903-4C51DF62BC57}.Debug|x86.Build.0 = Debug|Any CPU
		{9B022202-047C-458F-9903-4C51DF62BC57}.Release|Any CPU.ActiveCfg = Release|Any CPU
		{9B022202-047C-458F-9903-4C51DF62BC57}.Release|Any CPU.Build.0 = Release|Any CPU
		{9B022202-047C-458F-9903-4C51DF62BC57}.Release|ARM.ActiveCfg = Release|Any CPU
		{9B022202-047C-458F-9903-4C51DF62BC57}.Release|ARM.Build.0 = Release|Any CPU
		{9B022202-047C-458F-9903-4C51DF62BC57}.Release|x64.ActiveCfg = Release|Any CPU
		{9B022202-047C-458F-9903-4C51DF62BC57}.Release|x64.Build.0 = Release|Any CPU
		{9B022202-047C-458F-9903-4C51DF62BC57}.Release|x86.ActiveCfg = Release|Any CPU
		{9B022202-047C-458F-9903-4C51DF62BC57}.Release|x86.Build.0 = Release|Any CPU
		{EB905354-6E5A-462B-8E1D-BB44D3EE0E69}.Debug|Any CPU.ActiveCfg = Debug|Any CPU
		{EB905354-6E5A-462B-8E1D-BB44D3EE0E69}.Debug|Any CPU.Build.0 = Debug|Any CPU
		{EB905354-6E5A-462B-8E1D-BB44D3EE0E69}.Debug|ARM.ActiveCfg = Debug|Any CPU
		{EB905354-6E5A-462B-8E1D-BB44D3EE0E69}.Debug|ARM.Build.0 = Debug|Any CPU
		{EB905354-6E5A-462B-8E1D-BB44D3EE0E69}.Debug|x64.ActiveCfg = Debug|Any CPU
		{EB905354-6E5A-462B-8E1D-BB44D3EE0E69}.Debug|x64.Build.0 = Debug|Any CPU
		{EB905354-6E5A-462B-8E1D-BB44D3EE0E69}.Debug|x86.ActiveCfg = Debug|Any CPU
		{EB905354-6E5A-462B-8E1D-BB44D3EE0E69}.Debug|x86.Build.0 = Debug|Any CPU
		{EB905354-6E5A-462B-8E1D-BB44D3EE0E69}.Release|Any CPU.ActiveCfg = Release|Any CPU
		{EB905354-6E5A-462B-8E1D-BB44D3EE0E69}.Release|Any CPU.Build.0 = Release|Any CPU
		{EB905354-6E5A-462B-8E1D-BB44D3EE0E69}.Release|ARM.ActiveCfg = Release|Any CPU
		{EB905354-6E5A-462B-8E1D-BB44D3EE0E69}.Release|ARM.Build.0 = Release|Any CPU
		{EB905354-6E5A-462B-8E1D-BB44D3EE0E69}.Release|x64.ActiveCfg = Release|Any CPU
		{EB905354-6E5A-462B-8E1D-BB44D3EE0E69}.Release|x64.Build.0 = Release|Any CPU
		{EB905354-6E5A-462B-8E1D-BB44D3EE0E69}.Release|x86.ActiveCfg = Release|Any CPU
		{EB905354-6E5A-462B-8E1D-BB44D3EE0E69}.Release|x86.Build.0 = Release|Any CPU
		{C5DB73C9-D476-4077-855F-ECE6060A931B}.Debug|Any CPU.ActiveCfg = Debug|Any CPU
		{C5DB73C9-D476-4077-855F-ECE6060A931B}.Debug|Any CPU.Build.0 = Debug|Any CPU
		{C5DB73C9-D476-4077-855F-ECE6060A931B}.Debug|ARM.ActiveCfg = Debug|Any CPU
		{C5DB73C9-D476-4077-855F-ECE6060A931B}.Debug|ARM.Build.0 = Debug|Any CPU
		{C5DB73C9-D476-4077-855F-ECE6060A931B}.Debug|x64.ActiveCfg = Debug|Any CPU
		{C5DB73C9-D476-4077-855F-ECE6060A931B}.Debug|x64.Build.0 = Debug|Any CPU
		{C5DB73C9-D476-4077-855F-ECE6060A931B}.Debug|x86.ActiveCfg = Debug|Any CPU
		{C5DB73C9-D476-4077-855F-ECE6060A931B}.Debug|x86.Build.0 = Debug|Any CPU
		{C5DB73C9-D476-4077-855F-ECE6060A931B}.Release|Any CPU.ActiveCfg = Release|Any CPU
		{C5DB73C9-D476-4077-855F-ECE6060A931B}.Release|Any CPU.Build.0 = Release|Any CPU
		{C5DB73C9-D476-4077-855F-ECE6060A931B}.Release|ARM.ActiveCfg = Release|Any CPU
		{C5DB73C9-D476-4077-855F-ECE6060A931B}.Release|ARM.Build.0 = Release|Any CPU
		{C5DB73C9-D476-4077-855F-ECE6060A931B}.Release|x64.ActiveCfg = Release|Any CPU
		{C5DB73C9-D476-4077-855F-ECE6060A931B}.Release|x64.Build.0 = Release|Any CPU
		{C5DB73C9-D476-4077-855F-ECE6060A931B}.Release|x86.ActiveCfg = Release|Any CPU
		{C5DB73C9-D476-4077-855F-ECE6060A931B}.Release|x86.Build.0 = Release|Any CPU
	EndGlobalSection
	GlobalSection(SolutionProperties) = preSolution
		HideSolutionNode = FALSE
	EndGlobalSection
	GlobalSection(NestedProjects) = preSolution
		{DEF15E5D-76D7-4A36-A005-62E8856913F7} = {4685DA5A-D0FB-4AF4-B70F-21AD0A087C54}
		{9BB10314-B5F3-4B70-845B-B72F5EBB8CD7} = {DEF15E5D-76D7-4A36-A005-62E8856913F7}
		{82D56A75-C217-4A0A-9C2E-726687CBDE64} = {8E698004-9803-4113-A448-64E3F2C9C30A}
		{12FF0A2C-0AB8-424C-B9E4-B826189A154A} = {4685DA5A-D0FB-4AF4-B70F-21AD0A087C54}
		{B13C374D-9276-4DC6-8AC1-181D2C85B46F} = {12FF0A2C-0AB8-424C-B9E4-B826189A154A}
		{73EE550D-3FC6-4B7F-A24A-47000F9E542C} = {12FF0A2C-0AB8-424C-B9E4-B826189A154A}
		{465C9D1F-7767-4BBE-AC8A-15E44ED9EA21} = {12FF0A2C-0AB8-424C-B9E4-B826189A154A}
		{2B474EA4-95C5-42D4-A750-471E28B65292} = {12FF0A2C-0AB8-424C-B9E4-B826189A154A}
		{95A8D200-BE99-4583-94BC-631CA9A85C45} = {12FF0A2C-0AB8-424C-B9E4-B826189A154A}
		{B9BF2748-CDFA-4502-AD6E-5EF49D79024E} = {4685DA5A-D0FB-4AF4-B70F-21AD0A087C54}
		{C93DD022-E914-49BF-BAE3-6CE5AB31B129} = {B9BF2748-CDFA-4502-AD6E-5EF49D79024E}
		{9CA9C6EF-F78C-4E97-BB52-4A67AC15C61C} = {12FF0A2C-0AB8-424C-B9E4-B826189A154A}
		{3B2F9AA4-19E5-4CFD-90A9-51AC9C3013FA} = {12FF0A2C-0AB8-424C-B9E4-B826189A154A}
		{1F7FCA30-A953-4E93-80F4-4F53814DD192} = {12FF0A2C-0AB8-424C-B9E4-B826189A154A}
		{39AFA6D8-7E70-49BC-A52D-F38B3EA68DA4} = {12FF0A2C-0AB8-424C-B9E4-B826189A154A}
		{9B022202-047C-458F-9903-4C51DF62BC57} = {B9BF2748-CDFA-4502-AD6E-5EF49D79024E}
		{EB905354-6E5A-462B-8E1D-BB44D3EE0E69} = {B9BF2748-CDFA-4502-AD6E-5EF49D79024E}
		{C5DB73C9-D476-4077-855F-ECE6060A931B} = {8E698004-9803-4113-A448-64E3F2C9C30A}
	EndGlobalSection
EndGlobal
